
Microsoft Visual Studio Solution File, Format Version 12.00
# Visual Studio Version 16
VisualStudioVersion = 16.0.30114.105
MinimumVisualStudioVersion = 10.0.40219.1
Project("{FAE04EC0-301F-11D3-BF4B-00C04F79EFBC}") = "CrystalArchives.Web", "CrystalArchives.Web\CrystalArchives.Web.csproj", "{F35A9C57-CFA4-4872-B073-C72B1113D906}"
EndProject
Project("{FAE04EC0-301F-11D3-BF4B-00C04F79EFBC}") = "CrystalArchives.Web.Models", "CrystalArchives.Web.Models\CrystalArchives.Web.Models.csproj", "{8D32D639-C65E-4173-84D0-8A1108C4953B}"
EndProject
Global
	GlobalSection(SolutionConfigurationPlatforms) = preSolution
		Debug|Any CPU = Debug|Any CPU
		Release|Any CPU = Release|Any CPU
	EndGlobalSection
	GlobalSection(SolutionProperties) = preSolution
		HideSolutionNode = FALSE
	EndGlobalSection
	GlobalSection(ProjectConfigurationPlatforms) = postSolution
		{F35A9C57-CFA4-4872-B073-C72B1113D906}.Debug|Any CPU.ActiveCfg = Debug|Any CPU
		{F35A9C57-CFA4-4872-B073-C72B1113D906}.Debug|Any CPU.Build.0 = Debug|Any CPU
		{F35A9C57-CFA4-4872-B073-C72B1113D906}.Release|Any CPU.ActiveCfg = Release|Any CPU
		{F35A9C57-CFA4-4872-B073-C72B1113D906}.Release|Any CPU.Build.0 = Release|Any CPU
		{8D32D639-C65E-4173-84D0-8A1108C4953B}.Debug|Any CPU.ActiveCfg = Debug|Any CPU
		{8D32D639-C65E-4173-84D0-8A1108C4953B}.Debug|Any CPU.Build.0 = Debug|Any CPU
		{8D32D639-C65E-4173-84D0-8A1108C4953B}.Release|Any CPU.ActiveCfg = Release|Any CPU
		{8D32D639-C65E-4173-84D0-8A1108C4953B}.Release|Any CPU.Build.0 = Release|Any CPU
	EndGlobalSection
EndGlobal
